
Microsoft Visual Studio Solution File, Format Version 12.00
# Visual Studio 2013
VisualStudioVersion = 12.0.31101.0
MinimumVisualStudioVersion = 10.0.40219.1
Project("{FAE04EC0-301F-11D3-BF4B-00C04F79EFBC}") = "1", "1\1.csproj", "{0213C1D4-C8E3-4274-B58E-FF45DFB4845D}"
EndProject
Project("{FAE04EC0-301F-11D3-BF4B-00C04F79EFBC}") = "2", "2\2.csproj", "{4567032D-E134-4C95-80DE-F2565A538208}"
EndProject
Project("{FAE04EC0-301F-11D3-BF4B-00C04F79EFBC}") = "3", "3\3.csproj", "{1EAE56C0-0F0A-4DD4-B638-A7915F91AC82}"
EndProject
Project("{FAE04EC0-301F-11D3-BF4B-00C04F79EFBC}") = "4", "4\4.csproj", "{DB689664-2F6A-44C6-831F-8E27425E67AC}"
EndProject
Project("{FAE04EC0-301F-11D3-BF4B-00C04F79EFBC}") = "5", "5\5.csproj", "{084890E5-48BD-45A4-822E-5EF3D85CD034}"
EndProject
Project("{FAE04EC0-301F-11D3-BF4B-00C04F79EFBC}") = "6", "6\6.csproj", "{1CDFF33B-1DF0-4F30-87A8-43140D642F5D}"
EndProject
Project("{FAE04EC0-301F-11D3-BF4B-00C04F79EFBC}") = "7", "7\7.csproj", "{75FA3B94-3552-4D4B-8701-ABBFD3D1CACB}"
EndProject
Project("{FAE04EC0-301F-11D3-BF4B-00C04F79EFBC}") = "8", "8\8.csproj", "{34C50167-9748-4D03-8F27-D0A825B1EA0C}"
EndProject
Project("{FAE04EC0-301F-11D3-BF4B-00C04F79EFBC}") = "9", "9\9.csproj", "{C89C9A75-7B17-4034-9ED6-3AA08C28CB22}"
EndProject
Global
	GlobalSection(SolutionConfigurationPlatforms) = preSolution
		Debug|Any CPU = Debug|Any CPU
		Release|Any CPU = Release|Any CPU
	EndGlobalSection
	GlobalSection(ProjectConfigurationPlatforms) = postSolution
		{0213C1D4-C8E3-4274-B58E-FF45DFB4845D}.Debug|Any CPU.ActiveCfg = Debug|Any CPU
		{0213C1D4-C8E3-4274-B58E-FF45DFB4845D}.Debug|Any CPU.Build.0 = Debug|Any CPU
		{0213C1D4-C8E3-4274-B58E-FF45DFB4845D}.Release|Any CPU.ActiveCfg = Release|Any CPU
		{0213C1D4-C8E3-4274-B58E-FF45DFB4845D}.Release|Any CPU.Build.0 = Release|Any CPU
		{4567032D-E134-4C95-80DE-F2565A538208}.Debug|Any CPU.ActiveCfg = Debug|Any CPU
		{4567032D-E134-4C95-80DE-F2565A538208}.Debug|Any CPU.Build.0 = Debug|Any CPU
		{4567032D-E134-4C95-80DE-F2565A538208}.Release|Any CPU.ActiveCfg = Release|Any CPU
		{4567032D-E134-4C95-80DE-F2565A538208}.Release|Any CPU.Build.0 = Release|Any CPU
		{1EAE56C0-0F0A-4DD4-B638-A7915F91AC82}.Debug|Any CPU.ActiveCfg = Debug|Any CPU
		{1EAE56C0-0F0A-4DD4-B638-A7915F91AC82}.Debug|Any CPU.Build.0 = Debug|Any CPU
		{1EAE56C0-0F0A-4DD4-B638-A7915F91AC82}.Release|Any CPU.ActiveCfg = Release|Any CPU
		{1EAE56C0-0F0A-4DD4-B638-A7915F91AC82}.Release|Any CPU.Build.0 = Release|Any CPU
		{DB689664-2F6A-44C6-831F-8E27425E67AC}.Debug|Any CPU.ActiveCfg = Debug|Any CPU
		{DB689664-2F6A-44C6-831F-8E27425E67AC}.Debug|Any CPU.Build.0 = Debug|Any CPU
		{DB689664-2F6A-44C6-831F-8E27425E67AC}.Release|Any CPU.ActiveCfg = Release|Any CPU
		{DB689664-2F6A-44C6-831F-8E27425E67AC}.Release|Any CPU.Build.0 = Release|Any CPU
		{084890E5-48BD-45A4-822E-5EF3D85CD034}.Debug|Any CPU.ActiveCfg = Debug|Any CPU
		{084890E5-48BD-45A4-822E-5EF3D85CD034}.Debug|Any CPU.Build.0 = Debug|Any CPU
		{084890E5-48BD-45A4-822E-5EF3D85CD034}.Release|Any CPU.ActiveCfg = Release|Any CPU
		{084890E5-48BD-45A4-822E-5EF3D85CD034}.Release|Any CPU.Build.0 = Release|Any CPU
		{1CDFF33B-1DF0-4F30-87A8-43140D642F5D}.Debug|Any CPU.ActiveCfg = Debug|Any CPU
		{1CDFF33B-1DF0-4F30-87A8-43140D642F5D}.Debug|Any CPU.Build.0 = Debug|Any CPU
		{1CDFF33B-1DF0-4F30-87A8-43140D642F5D}.Release|Any CPU.ActiveCfg = Release|Any CPU
		{1CDFF33B-1DF0-4F30-87A8-43140D642F5D}.Release|Any CPU.Build.0 = Release|Any CPU
		{75FA3B94-3552-4D4B-8701-ABBFD3D1CACB}.Debug|Any CPU.ActiveCfg = Debug|Any CPU
		{75FA3B94-3552-4D4B-8701-ABBFD3D1CACB}.Debug|Any CPU.Build.0 = Debug|Any CPU
		{75FA3B94-3552-4D4B-8701-ABBFD3D1CACB}.Release|Any CPU.ActiveCfg = Release|Any CPU
		{75FA3B94-3552-4D4B-8701-ABBFD3D1CACB}.Release|Any CPU.Build.0 = Release|Any CPU
		{34C50167-9748-4D03-8F27-D0A825B1EA0C}.Debug|Any CPU.ActiveCfg = Debug|Any CPU
		{34C50167-9748-4D03-8F27-D0A825B1EA0C}.Debug|Any CPU.Build.0 = Debug|Any CPU
		{34C50167-9748-4D03-8F27-D0A825B1EA0C}.Release|Any CPU.ActiveCfg = Release|Any CPU
		{34C50167-9748-4D03-8F27-D0A825B1EA0C}.Release|Any CPU.Build.0 = Release|Any CPU
		{C89C9A75-7B17-4034-9ED6-3AA08C28CB22}.Debug|Any CPU.ActiveCfg = Debug|Any CPU
		{C89C9A75-7B17-4034-9ED6-3AA08C28CB22}.Debug|Any CPU.Build.0 = Debug|Any CPU
		{C89C9A75-7B17-4034-9ED6-3AA08C28CB22}.Release|Any CPU.ActiveCfg = Release|Any CPU
		{C89C9A75-7B17-4034-9ED6-3AA08C28CB22}.Release|Any CPU.Build.0 = Release|Any CPU
	EndGlobalSection
	GlobalSection(SolutionProperties) = preSolution
		HideSolutionNode = FALSE
	EndGlobalSection
EndGlobal
